
Microsoft Visual Studio Solution File, Format Version 12.00
Project("{FAE04EC0-301F-11D3-BF4B-00C04F79EFBC}") = "AcmeCorp.IdentityServer", "AcmeCorp.IdentityServer\AcmeCorp.IdentityServer.csproj", "{5226FB2E-EF6D-4A73-9185-6FA91E1F57EA}"
EndProject
Project("{FAE04EC0-301F-11D3-BF4B-00C04F79EFBC}") = "AcmeCorp.WeatherApi", "AcmeCorp.WeatherApi\AcmeCorp.WeatherApi.csproj", "{17768B56-470C-472B-A5DB-F00CDA3595A0}"
EndProject
Project("{FAE04EC0-301F-11D3-BF4B-00C04F79EFBC}") = "AcmeCorp.WeatherApp", "AcmeCorp.WeatherApp\AcmeCorp.WeatherApp.csproj", "{79B7E783-31BA-4E9A-8F36-D85840160F41}"
EndProject
Project("{FAE04EC0-301F-11D3-BF4B-00C04F79EFBC}") = "AcmeCorp.Console", "AcmeCorp.Console\AcmeCorp.Console.csproj", "{5B5A216A-088F-44F4-8268-71D2773BBB3B}"
EndProject
Project("{2150E333-8FDC-42A3-9474-1A3956D46DE8}") = "_", "_", "{E36D996D-85AD-4054-83E4-F2F0798D5177}"
	ProjectSection(SolutionItems) = preProject
		docker-compose.yml = docker-compose.yml
	EndProjectSection
EndProject
Project("{2150E333-8FDC-42A3-9474-1A3956D46DE8}") = ".config", ".config", "{6A2BC6AD-6673-4F92-A9BD-885F4FB39927}"
	ProjectSection(SolutionItems) = preProject
		dotnet-tools.json = .config\dotnet-tools.json
	EndProjectSection
EndProject
Global
	GlobalSection(SolutionConfigurationPlatforms) = preSolution
		Debug|Any CPU = Debug|Any CPU
		Release|Any CPU = Release|Any CPU
	EndGlobalSection
	GlobalSection(ProjectConfigurationPlatforms) = postSolution
		{5226FB2E-EF6D-4A73-9185-6FA91E1F57EA}.Debug|Any CPU.ActiveCfg = Debug|Any CPU
		{5226FB2E-EF6D-4A73-9185-6FA91E1F57EA}.Debug|Any CPU.Build.0 = Debug|Any CPU
		{5226FB2E-EF6D-4A73-9185-6FA91E1F57EA}.Release|Any CPU.ActiveCfg = Release|Any CPU
		{5226FB2E-EF6D-4A73-9185-6FA91E1F57EA}.Release|Any CPU.Build.0 = Release|Any CPU
		{17768B56-470C-472B-A5DB-F00CDA3595A0}.Debug|Any CPU.ActiveCfg = Debug|Any CPU
		{17768B56-470C-472B-A5DB-F00CDA3595A0}.Debug|Any CPU.Build.0 = Debug|Any CPU
		{17768B56-470C-472B-A5DB-F00CDA3595A0}.Release|Any CPU.ActiveCfg = Release|Any CPU
		{17768B56-470C-472B-A5DB-F00CDA3595A0}.Release|Any CPU.Build.0 = Release|Any CPU
		{79B7E783-31BA-4E9A-8F36-D85840160F41}.Debug|Any CPU.ActiveCfg = Debug|Any CPU
		{79B7E783-31BA-4E9A-8F36-D85840160F41}.Debug|Any CPU.Build.0 = Debug|Any CPU
		{79B7E783-31BA-4E9A-8F36-D85840160F41}.Release|Any CPU.ActiveCfg = Release|Any CPU
		{79B7E783-31BA-4E9A-8F36-D85840160F41}.Release|Any CPU.Build.0 = Release|Any CPU
		{5B5A216A-088F-44F4-8268-71D2773BBB3B}.Debug|Any CPU.ActiveCfg = Debug|Any CPU
		{5B5A216A-088F-44F4-8268-71D2773BBB3B}.Debug|Any CPU.Build.0 = Debug|Any CPU
		{5B5A216A-088F-44F4-8268-71D2773BBB3B}.Release|Any CPU.ActiveCfg = Release|Any CPU
		{5B5A216A-088F-44F4-8268-71D2773BBB3B}.Release|Any CPU.Build.0 = Release|Any CPU
	EndGlobalSection
	GlobalSection(NestedProjects) = preSolution
		{6A2BC6AD-6673-4F92-A9BD-885F4FB39927} = {E36D996D-85AD-4054-83E4-F2F0798D5177}
	EndGlobalSection
EndGlobal